{
  "lockfile_version": "1",
  "packages": {
    "actionlint@latest": {
      "last_modified": "2024-11-28T07:51:56Z",
      "resolved": "github:NixOS/nixpkgs/226216574ada4c3ecefcbbec41f39ce4655f78ef#actionlint",
      "source": "devbox-search",
      "version": "1.7.4",
      "systems": {
        "aarch64-darwin": {
          "outputs": [
            {
              "name": "out",
              "path": "/nix/store/924mazbyr1d4mkwyz4x2fw54fy3h6w3w-actionlint-1.7.4",
              "default": true
            }
          ],
          "store_path": "/nix/store/924mazbyr1d4mkwyz4x2fw54fy3h6w3w-actionlint-1.7.4"
        },
        "aarch64-linux": {
          "outputs": [
            {
              "name": "out",
              "path": "/nix/store/i06r5pg0wihhny04dhbm68md3kc5h376-actionlint-1.7.4",
              "default": true
            }
          ],
          "store_path": "/nix/store/i06r5pg0wihhny04dhbm68md3kc5h376-actionlint-1.7.4"
        },
        "x86_64-darwin": {
          "outputs": [
            {
              "name": "out",
              "path": "/nix/store/9lnjf026z8hr5zi6s97wd3gmq0l36nqn-actionlint-1.7.4",
              "default": true
            }
          ],
          "store_path": "/nix/store/9lnjf026z8hr5zi6s97wd3gmq0l36nqn-actionlint-1.7.4"
        },
        "x86_64-linux": {
          "outputs": [
            {
              "name": "out",
              "path": "/nix/store/wkyi1777bd7q9d48nmqgw790awr7smh4-actionlint-1.7.4",
              "default": true
            }
          ],
          "store_path": "/nix/store/wkyi1777bd7q9d48nmqgw790awr7smh4-actionlint-1.7.4"
        }
      }
    },
    "age@latest": {
      "last_modified": "2024-11-28T07:51:56Z",
      "resolved": "github:NixOS/nixpkgs/226216574ada4c3ecefcbbec41f39ce4655f78ef#age",
      "source": "devbox-search",
      "version": "1.2.0",
      "systems": {
        "aarch64-darwin": {
          "outputs": [
            {
              "name": "out",
              "path": "/nix/store/q69p0frymxagv5qkld2ld07kll29mll9-age-1.2.0",
              "default": true
            }
          ],
          "store_path": "/nix/store/q69p0frymxagv5qkld2ld07kll29mll9-age-1.2.0"
        },
        "aarch64-linux": {
          "outputs": [
            {
              "name": "out",
              "path": "/nix/store/nkfwwkx8wk6889gqlrn3nvzajb9nvipy-age-1.2.0",
              "default": true
            }
          ],
          "store_path": "/nix/store/nkfwwkx8wk6889gqlrn3nvzajb9nvipy-age-1.2.0"
        },
        "x86_64-darwin": {
          "outputs": [
            {
              "name": "out",
              "path": "/nix/store/5kpddiym1sgjah9phfcvrmk27g8snl76-age-1.2.0",
              "default": true
            }
          ],
          "store_path": "/nix/store/5kpddiym1sgjah9phfcvrmk27g8snl76-age-1.2.0"
        },
        "x86_64-linux": {
          "outputs": [
            {
              "name": "out",
              "path": "/nix/store/yn6yna1i7z5jygk51ifr0w8ifg3mjfmh-age-1.2.0",
              "default": true
            }
          ],
          "store_path": "/nix/store/yn6yna1i7z5jygk51ifr0w8ifg3mjfmh-age-1.2.0"
        }
      }
    },
    "chart-testing@latest": {
      "last_modified": "2024-12-08T11:15:23Z",
      "resolved": "github:NixOS/nixpkgs/93dc9803a1ee435e590b02cde9589038d5cc3a4e#chart-testing",
      "source": "devbox-search",
      "version": "3.11.0",
      "systems": {
        "aarch64-darwin": {
          "outputs": [
            {
              "name": "out",
              "path": "/nix/store/y9xpn6vprnby0m86agx70z6azzmfawmd-chart-testing-3.11.0",
              "default": true
            }
          ],
          "store_path": "/nix/store/y9xpn6vprnby0m86agx70z6azzmfawmd-chart-testing-3.11.0"
        },
        "aarch64-linux": {
          "outputs": [
            {
              "name": "out",
              "path": "/nix/store/6056bc5c9836wd554ka6n6rmvlnz55sg-chart-testing-3.11.0",
              "default": true
            }
          ],
          "store_path": "/nix/store/6056bc5c9836wd554ka6n6rmvlnz55sg-chart-testing-3.11.0"
        },
        "x86_64-darwin": {
          "outputs": [
            {
              "name": "out",
              "path": "/nix/store/8aj9amc36k5rs7fjwnbd13dq9kavf3rp-chart-testing-3.11.0",
              "default": true
            }
          ],
          "store_path": "/nix/store/8aj9amc36k5rs7fjwnbd13dq9kavf3rp-chart-testing-3.11.0"
        },
        "x86_64-linux": {
          "outputs": [
            {
              "name": "out",
              "path": "/nix/store/8467px0fajcywj9xim9i9gvq8p89s06i-chart-testing-3.11.0",
              "default": true
            }
          ],
          "store_path": "/nix/store/8467px0fajcywj9xim9i9gvq8p89s06i-chart-testing-3.11.0"
        }
      }
    },
    "checkov@latest": {
      "last_modified": "2024-12-17T11:43:56Z",
      "resolved": "github:NixOS/nixpkgs/4989a246d7a390a859852baddb1013f825435cee#checkov",
      "source": "devbox-search",
      "version": "3.2.336",
      "systems": {
        "aarch64-darwin": {
          "outputs": [
            {
              "name": "out",
              "path": "/nix/store/34qgizhgb7340fp9ssry67lsz3qsn0b0-checkov-3.2.336",
              "default": true
            },
            {
              "name": "dist",
              "path": "/nix/store/hr9y9y08ywhb1z6j9j13lka0fnjrj6id-checkov-3.2.336-dist"
            }
          ],
          "store_path": "/nix/store/34qgizhgb7340fp9ssry67lsz3qsn0b0-checkov-3.2.336"
        },
        "aarch64-linux": {
          "outputs": [
            {
              "name": "out",
              "path": "/nix/store/yzz2a1srrmb73465yhngap6mzfjxm87z-checkov-3.2.336",
              "default": true
            },
            {
              "name": "dist",
              "path": "/nix/store/c9811shl3145i4fgrqjwqhvqc5lwqpkz-checkov-3.2.336-dist"
            }
          ],
          "store_path": "/nix/store/yzz2a1srrmb73465yhngap6mzfjxm87z-checkov-3.2.336"
        },
        "x86_64-darwin": {
          "outputs": [
            {
              "name": "out",
              "path": "/nix/store/mi1nwxrxrgyc3ky84vnm8qmcf1z71l67-checkov-3.2.336",
              "default": true
            },
            {
              "name": "dist",
              "path": "/nix/store/mwqgah52hix58np5smzrw1b0iccn5dvk-checkov-3.2.336-dist"
            }
          ],
          "store_path": "/nix/store/mi1nwxrxrgyc3ky84vnm8qmcf1z71l67-checkov-3.2.336"
        },
        "x86_64-linux": {
          "outputs": [
            {
              "name": "out",
              "path": "/nix/store/98ygsbfm2ngzz5czs39lvw6q9rz86a53-checkov-3.2.336",
              "default": true
            },
            {
              "name": "dist",
              "path": "/nix/store/ijvaqnsamy7alvlia84p8r6yh8wm1acy-checkov-3.2.336-dist"
            }
          ],
          "store_path": "/nix/store/98ygsbfm2ngzz5czs39lvw6q9rz86a53-checkov-3.2.336"
        }
      }
    },
    "codespell@latest": {
      "last_modified": "2024-12-03T12:40:06Z",
      "resolved": "github:NixOS/nixpkgs/566e53c2ad750c84f6d31f9ccb9d00f823165550#codespell",
      "source": "devbox-search",
      "version": "2.3.0",
      "systems": {
        "aarch64-darwin": {
          "outputs": [
            {
              "name": "out",
              "path": "/nix/store/lj4pprbj79nggxdqbg68cxch0cl9msbh-codespell-2.3.0",
              "default": true
            },
            {
              "name": "dist",
              "path": "/nix/store/b4jbf757khn54vslbdbd1537rzia7k8c-codespell-2.3.0-dist"
            }
          ],
          "store_path": "/nix/store/lj4pprbj79nggxdqbg68cxch0cl9msbh-codespell-2.3.0"
        },
        "aarch64-linux": {
          "outputs": [
            {
              "name": "out",
              "path": "/nix/store/2q7lk6n5sv729sdx35xwfpxq2a5a60sg-codespell-2.3.0",
              "default": true
            },
            {
              "name": "dist",
              "path": "/nix/store/kazjv5pcswqgdkb46fwh6bg0xhxnf0i7-codespell-2.3.0-dist"
            }
          ],
          "store_path": "/nix/store/2q7lk6n5sv729sdx35xwfpxq2a5a60sg-codespell-2.3.0"
        },
        "x86_64-darwin": {
          "outputs": [
            {
              "name": "out",
              "path": "/nix/store/12p6wwr9s0jaf0wgy8crrp8fmlby4gqk-codespell-2.3.0",
              "default": true
            },
            {
              "name": "dist",
              "path": "/nix/store/q1hmmh34hnsvq2gq28xz48fxkkl4r6av-codespell-2.3.0-dist"
            }
          ],
          "store_path": "/nix/store/12p6wwr9s0jaf0wgy8crrp8fmlby4gqk-codespell-2.3.0"
        },
        "x86_64-linux": {
          "outputs": [
            {
              "name": "out",
              "path": "/nix/store/6x4a5amzilxbh2lcms3caafs7j1yb1ic-codespell-2.3.0",
              "default": true
            },
            {
              "name": "dist",
              "path": "/nix/store/dcc4kx9813y401mndkjnv4zgw0h0x7ra-codespell-2.3.0-dist"
            }
          ],
          "store_path": "/nix/store/6x4a5amzilxbh2lcms3caafs7j1yb1ic-codespell-2.3.0"
        }
      }
    },
    "commitizen@latest": {
      "last_modified": "2024-12-23T21:10:33Z",
      "resolved": "github:NixOS/nixpkgs/de1864217bfa9b5845f465e771e0ecb48b30e02d#commitizen",
      "source": "devbox-search",
      "version": "4.0.0",
      "systems": {
        "aarch64-darwin": {
          "outputs": [
            {
              "name": "out",
              "path": "/nix/store/h3dn3xjx5fadkljv83xh3h4ywvkkvxdp-python3.12-commitizen-4.0.0",
              "default": true
            },
            {
              "name": "dist",
              "path": "/nix/store/jfmhaxgksa7ldn33m2vpmy43k9l78wy1-python3.12-commitizen-4.0.0-dist"
            }
          ],
          "store_path": "/nix/store/h3dn3xjx5fadkljv83xh3h4ywvkkvxdp-python3.12-commitizen-4.0.0"
        },
        "aarch64-linux": {
          "outputs": [
            {
              "name": "out",
              "path": "/nix/store/1g8kr00jh61z6a3bw54zrifcsqkvpmfl-python3.12-commitizen-4.0.0",
              "default": true
            },
            {
              "name": "dist",
              "path": "/nix/store/rxb90w1z9k62jpni6dhy725638a7rwd5-python3.12-commitizen-4.0.0-dist"
            }
          ],
          "store_path": "/nix/store/1g8kr00jh61z6a3bw54zrifcsqkvpmfl-python3.12-commitizen-4.0.0"
        },
        "x86_64-darwin": {
          "outputs": [
            {
              "name": "out",
              "path": "/nix/store/h7f3fnr00al7igxx1mxzsam16yjhn1qh-python3.12-commitizen-4.0.0",
              "default": true
            },
            {
              "name": "dist",
              "path": "/nix/store/y4ic1qzhvcdx11j2g8s985bm6gx6gvjy-python3.12-commitizen-4.0.0-dist"
            }
          ],
          "store_path": "/nix/store/h7f3fnr00al7igxx1mxzsam16yjhn1qh-python3.12-commitizen-4.0.0"
        },
        "x86_64-linux": {
          "outputs": [
            {
              "name": "out",
              "path": "/nix/store/mivpxprxgjhfm44h013addxfzxq4bwf3-python3.12-commitizen-4.0.0",
              "default": true
            },
            {
              "name": "dist",
              "path": "/nix/store/1xhffkk03ddps3f6lgpy4w9flpmbaxa9-python3.12-commitizen-4.0.0-dist"
            }
          ],
          "store_path": "/nix/store/mivpxprxgjhfm44h013addxfzxq4bwf3-python3.12-commitizen-4.0.0"
        }
      }
    },
    "curl@latest": {
      "last_modified": "2024-12-08T11:15:23Z",
      "resolved": "github:NixOS/nixpkgs/93dc9803a1ee435e590b02cde9589038d5cc3a4e#curl",
      "source": "devbox-search",
      "version": "8.11.0",
      "systems": {
        "aarch64-darwin": {
          "outputs": [
            {
              "name": "bin",
              "path": "/nix/store/78b40bakdk6ldzd2cnzqqc6k2ffq6q80-curl-8.11.0-bin",
              "default": true
            },
            {
              "name": "man",
              "path": "/nix/store/p28ziicmg9c8y0j7zlhfab3cz2jl84jq-curl-8.11.0-man",
              "default": true
            },
            {
              "name": "dev",
              "path": "/nix/store/x8qcqapnc2656j9pmhycqw5gjsg8wj95-curl-8.11.0-dev"
            },
            {
              "name": "devdoc",
              "path": "/nix/store/3jkma0k7qwx82djlzac798hnhky6s2mw-curl-8.11.0-devdoc"
            },
            {
              "name": "out",
              "path": "/nix/store/j39kv1qva1ndbbfc6b7rqipz5fs9pnvc-curl-8.11.0"
            }
          ],
          "store_path": "/nix/store/78b40bakdk6ldzd2cnzqqc6k2ffq6q80-curl-8.11.0-bin"
        },
        "aarch64-linux": {
          "outputs": [
            {
              "name": "bin",
              "path": "/nix/store/wq37ah6ayglskxv1viw204j246miz9mw-curl-8.11.0-bin",
              "default": true
            },
            {
              "name": "man",
              "path": "/nix/store/b8rfm1q2rakp4nml9l61s45v3pg2iah4-curl-8.11.0-man",
              "default": true
            },
            {
              "name": "debug",
              "path": "/nix/store/hz05x0jdczalgjxivm8m1ni56hamkrh1-curl-8.11.0-debug"
            },
            {
              "name": "dev",
              "path": "/nix/store/8q0a3mgciq1alhn51ga7pcj491w42frm-curl-8.11.0-dev"
            },
            {
              "name": "devdoc",
              "path": "/nix/store/081g6dj7mniw7fjzn5byf9vpzk36yg4h-curl-8.11.0-devdoc"
            },
            {
              "name": "out",
              "path": "/nix/store/fqwkalsvg898sgf969bqpaz4blypx5gd-curl-8.11.0"
            }
          ],
          "store_path": "/nix/store/wq37ah6ayglskxv1viw204j246miz9mw-curl-8.11.0-bin"
        },
        "x86_64-darwin": {
          "outputs": [
            {
              "name": "bin",
              "path": "/nix/store/d9hsgziq68q5qaasrm8rcmvvk7idry85-curl-8.11.0-bin",
              "default": true
            },
            {
              "name": "man",
              "path": "/nix/store/pri71vk0srs4174n79v3rrsasi0cfcl7-curl-8.11.0-man",
              "default": true
            },
            {
              "name": "out",
              "path": "/nix/store/ppzjbkfncrrxmiyh5h32pdn4lk8bi4ba-curl-8.11.0"
            },
            {
              "name": "dev",
              "path": "/nix/store/5vkqd75k1d4wk6dsgdzxsfv9p692abia-curl-8.11.0-dev"
            },
            {
              "name": "devdoc",
              "path": "/nix/store/br90i57yq5fnqz9kc52lg0d8cpz5xkvi-curl-8.11.0-devdoc"
            }
          ],
          "store_path": "/nix/store/d9hsgziq68q5qaasrm8rcmvvk7idry85-curl-8.11.0-bin"
        },
        "x86_64-linux": {
          "outputs": [
            {
              "name": "bin",
              "path": "/nix/store/r686j19q8zcnccpg5h9xlf7bvvs27b8s-curl-8.11.0-bin",
              "default": true
            },
            {
              "name": "man",
              "path": "/nix/store/rlls2vbms86vcrf7z2savrh0x0gbbk8h-curl-8.11.0-man",
              "default": true
            },
            {
              "name": "debug",
              "path": "/nix/store/j4l8vnw7cqpiw68mf0gxaqx98hw5fcpb-curl-8.11.0-debug"
            },
            {
              "name": "dev",
              "path": "/nix/store/h269afcqsqykvbsnhrbpw9lghaff47dz-curl-8.11.0-dev"
            },
            {
              "name": "devdoc",
              "path": "/nix/store/8xcjvalpnmcn6c6af3rhshl0ahnxw9dl-curl-8.11.0-devdoc"
            },
            {
              "name": "out",
              "path": "/nix/store/ixq7chmml361204anwph16ll2njcf19d-curl-8.11.0"
            }
          ],
          "store_path": "/nix/store/r686j19q8zcnccpg5h9xlf7bvvs27b8s-curl-8.11.0-bin"
        }
      }
    },
    "doctoc@latest": {
      "last_modified": "2024-11-28T07:51:56Z",
      "resolved": "github:NixOS/nixpkgs/226216574ada4c3ecefcbbec41f39ce4655f78ef#doctoc",
      "source": "devbox-search",
      "version": "2.2.0",
      "systems": {
        "aarch64-darwin": {
          "outputs": [
            {
              "name": "out",
              "path": "/nix/store/b3lryppm2z7nzvsg5yyfnnsa6v1mjblk-doctoc-2.2.0",
              "default": true
            }
          ],
          "store_path": "/nix/store/b3lryppm2z7nzvsg5yyfnnsa6v1mjblk-doctoc-2.2.0"
        },
        "aarch64-linux": {
          "outputs": [
            {
              "name": "out",
              "path": "/nix/store/i1rwhifvr1k1qskbfs8dsv7fbg37d86b-doctoc-2.2.0",
              "default": true
            }
          ],
          "store_path": "/nix/store/i1rwhifvr1k1qskbfs8dsv7fbg37d86b-doctoc-2.2.0"
        },
        "x86_64-darwin": {
          "outputs": [
            {
              "name": "out",
              "path": "/nix/store/y29i6l40bxv0xxszdqx4vfsssci18p3p-doctoc-2.2.0",
              "default": true
            }
          ],
          "store_path": "/nix/store/y29i6l40bxv0xxszdqx4vfsssci18p3p-doctoc-2.2.0"
        },
        "x86_64-linux": {
          "outputs": [
            {
              "name": "out",
              "path": "/nix/store/bm4k1xx1whcxh541sbwbb0z05ywz4sc1-doctoc-2.2.0",
              "default": true
            }
          ],
          "store_path": "/nix/store/bm4k1xx1whcxh541sbwbb0z05ywz4sc1-doctoc-2.2.0"
        }
      }
    },
    "helm-docs@latest": {
      "last_modified": "2024-12-03T12:40:06Z",
      "resolved": "github:NixOS/nixpkgs/566e53c2ad750c84f6d31f9ccb9d00f823165550#helm-docs",
      "source": "devbox-search",
      "version": "1.14.2",
      "systems": {
        "aarch64-darwin": {
          "outputs": [
            {
              "name": "out",
              "path": "/nix/store/m2msynf3dxyda9nncagy0nv9j25wxbrq-helm-docs-1.14.2",
              "default": true
            }
          ],
          "store_path": "/nix/store/m2msynf3dxyda9nncagy0nv9j25wxbrq-helm-docs-1.14.2"
        },
        "aarch64-linux": {
          "outputs": [
            {
              "name": "out",
              "path": "/nix/store/3kp9bbzkfcw95gli8c6jxzijabyg84vx-helm-docs-1.14.2",
              "default": true
            }
          ],
          "store_path": "/nix/store/3kp9bbzkfcw95gli8c6jxzijabyg84vx-helm-docs-1.14.2"
        },
        "x86_64-darwin": {
          "outputs": [
            {
              "name": "out",
              "path": "/nix/store/49kk25lg7ch6w4ic1i1mcqnm4mp40i9g-helm-docs-1.14.2",
              "default": true
            }
          ],
          "store_path": "/nix/store/49kk25lg7ch6w4ic1i1mcqnm4mp40i9g-helm-docs-1.14.2"
        },
        "x86_64-linux": {
          "outputs": [
            {
              "name": "out",
              "path": "/nix/store/8mxkx8hrsapvxbmr2jci7g68lv737qln-helm-docs-1.14.2",
              "default": true
            }
          ],
          "store_path": "/nix/store/8mxkx8hrsapvxbmr2jci7g68lv737qln-helm-docs-1.14.2"
        }
      }
    },
    "kubectl@latest": {
      "last_modified": "2024-11-28T07:51:56Z",
      "resolved": "github:NixOS/nixpkgs/226216574ada4c3ecefcbbec41f39ce4655f78ef#kubectl",
      "source": "devbox-search",
      "version": "1.31.2",
      "systems": {
        "aarch64-darwin": {
          "outputs": [
            {
              "name": "out",
              "path": "/nix/store/4y0isz580qj1gprqihb39jzvq1h3ys8d-kubectl-1.31.2",
              "default": true
            },
            {
              "name": "man",
              "path": "/nix/store/yn7jsawkgab95ly8wjzm7qk4axins9c0-kubectl-1.31.2-man",
              "default": true
            },
            {
              "name": "convert",
              "path": "/nix/store/mgfqyq94gz2rlfg7kfyxjhlxpd88rrx1-kubectl-1.31.2-convert"
            }
          ],
          "store_path": "/nix/store/4y0isz580qj1gprqihb39jzvq1h3ys8d-kubectl-1.31.2"
        },
        "aarch64-linux": {
          "outputs": [
            {
              "name": "out",
              "path": "/nix/store/hs22srzb0xw25047q72lzf8yvkyndayp-kubectl-1.31.2",
              "default": true
            },
            {
              "name": "man",
              "path": "/nix/store/m6pgvbcpw5yyiy5f2106ihkapk7kjv9l-kubectl-1.31.2-man",
              "default": true
            },
            {
              "name": "convert",
              "path": "/nix/store/mk43xaa0hzc5hsg115nfa89h8p05l70n-kubectl-1.31.2-convert"
            }
          ],
          "store_path": "/nix/store/hs22srzb0xw25047q72lzf8yvkyndayp-kubectl-1.31.2"
        },
        "x86_64-darwin": {
          "outputs": [
            {
              "name": "out",
              "path": "/nix/store/8dfd5d7i3q0jvqgzc2775kl8b5pbh7g9-kubectl-1.31.2",
              "default": true
            },
            {
              "name": "man",
              "path": "/nix/store/7rvlb9k6bs623m3f7k3ay52n9bx6id1h-kubectl-1.31.2-man",
              "default": true
            },
            {
              "name": "convert",
              "path": "/nix/store/d6yjj3akz8dddmjzp2hz2lyd1fwqaqq9-kubectl-1.31.2-convert"
            }
          ],
          "store_path": "/nix/store/8dfd5d7i3q0jvqgzc2775kl8b5pbh7g9-kubectl-1.31.2"
        },
        "x86_64-linux": {
          "outputs": [
            {
              "name": "out",
              "path": "/nix/store/wjr8vcdjb25ja1q3nvzwnzf5qg6iv8iy-kubectl-1.31.2",
              "default": true
            },
            {
              "name": "man",
              "path": "/nix/store/66mlhapc0wawjz2v05116nkp02lxinkx-kubectl-1.31.2-man",
              "default": true
            },
            {
              "name": "convert",
              "path": "/nix/store/44dsmqkr8c3lp4j417nshswcf0mpj9i5-kubectl-1.31.2-convert"
            }
          ],
          "store_path": "/nix/store/wjr8vcdjb25ja1q3nvzwnzf5qg6iv8iy-kubectl-1.31.2"
        }
      }
    },
    "kubernetes-helm@latest": {
      "last_modified": "2024-11-28T07:51:56Z",
      "resolved": "github:NixOS/nixpkgs/226216574ada4c3ecefcbbec41f39ce4655f78ef#kubernetes-helm",
      "source": "devbox-search",
      "version": "3.16.3",
      "systems": {
        "aarch64-darwin": {
          "outputs": [
            {
              "name": "out",
              "path": "/nix/store/ppr8wia2hmshknp9yfhr7ivqqigqqq4j-kubernetes-helm-3.16.3",
              "default": true
            }
          ],
          "store_path": "/nix/store/ppr8wia2hmshknp9yfhr7ivqqigqqq4j-kubernetes-helm-3.16.3"
        },
        "aarch64-linux": {
          "outputs": [
            {
              "name": "out",
              "path": "/nix/store/vsps7v36p9nbx08v8c7x1a36mmknhacy-kubernetes-helm-3.16.3",
              "default": true
            }
          ],
          "store_path": "/nix/store/vsps7v36p9nbx08v8c7x1a36mmknhacy-kubernetes-helm-3.16.3"
        },
        "x86_64-darwin": {
          "outputs": [
            {
              "name": "out",
              "path": "/nix/store/8xbrzsfv1q0kkranniy99fcszpwmjglr-kubernetes-helm-3.16.3",
              "default": true
            }
          ],
          "store_path": "/nix/store/8xbrzsfv1q0kkranniy99fcszpwmjglr-kubernetes-helm-3.16.3"
        },
        "x86_64-linux": {
          "outputs": [
            {
              "name": "out",
              "path": "/nix/store/nyrghdw5xi4kiwbsw6vdvnnyra5cy0x7-kubernetes-helm-3.16.3",
              "default": true
            }
          ],
          "store_path": "/nix/store/nyrghdw5xi4kiwbsw6vdvnnyra5cy0x7-kubernetes-helm-3.16.3"
        }
      }
    },
    "pre-commit@latest": {
      "last_modified": "2024-12-08T11:15:23Z",
      "resolved": "github:NixOS/nixpkgs/93dc9803a1ee435e590b02cde9589038d5cc3a4e#pre-commit",
      "source": "devbox-search",
      "version": "4.0.1",
      "systems": {
        "aarch64-darwin": {
          "outputs": [
            {
              "name": "out",
              "path": "/nix/store/76cp10xmkj8v7d0zd5347rxy4swgxfdw-pre-commit-4.0.1",
              "default": true
            },
            {
              "name": "dist",
              "path": "/nix/store/b28bb1qjn055vck4bkysjzs98kc77wqm-pre-commit-4.0.1-dist"
            }
          ],
          "store_path": "/nix/store/76cp10xmkj8v7d0zd5347rxy4swgxfdw-pre-commit-4.0.1"
        },
        "aarch64-linux": {
          "outputs": [
            {
              "name": "out",
              "path": "/nix/store/1xf43r0hah3519nj8zpsbp1n80zvylaw-pre-commit-4.0.1",
              "default": true
            },
            {
              "name": "dist",
              "path": "/nix/store/67nk26ky6crl47cc1i09x1vi7qxx2ahz-pre-commit-4.0.1-dist"
            }
          ],
          "store_path": "/nix/store/1xf43r0hah3519nj8zpsbp1n80zvylaw-pre-commit-4.0.1"
        },
        "x86_64-darwin": {
          "outputs": [
            {
              "name": "out",
              "path": "/nix/store/d1nfwavbw2ppqqffrqvk8chxz1g2vwbg-pre-commit-4.0.1",
              "default": true
            },
            {
              "name": "dist",
              "path": "/nix/store/72c6mh0bzgzr2b9dnwsv726xp0hhcc36-pre-commit-4.0.1-dist"
            }
          ],
          "store_path": "/nix/store/d1nfwavbw2ppqqffrqvk8chxz1g2vwbg-pre-commit-4.0.1"
        },
        "x86_64-linux": {
          "outputs": [
            {
              "name": "out",
              "path": "/nix/store/brirgh23gii3z9f12bhz4rk04bi6x8fl-pre-commit-4.0.1",
              "default": true
            },
            {
              "name": "dist",
              "path": "/nix/store/yy8n332gk4bv5kqkiwqkm5khcfl3mph8-pre-commit-4.0.1-dist"
            }
          ],
          "store_path": "/nix/store/brirgh23gii3z9f12bhz4rk04bi6x8fl-pre-commit-4.0.1"
        }
      }
    },
    "sops@latest": {
      "last_modified": "2024-12-08T11:15:23Z",
      "resolved": "github:NixOS/nixpkgs/93dc9803a1ee435e590b02cde9589038d5cc3a4e#sops",
      "source": "devbox-search",
      "version": "3.9.2",
      "systems": {
        "aarch64-darwin": {
          "outputs": [
            {
              "name": "out",
              "path": "/nix/store/nhsznmg0knb0z5qyhdm7c4r0m213rx9g-sops-3.9.2",
              "default": true
            }
          ],
          "store_path": "/nix/store/nhsznmg0knb0z5qyhdm7c4r0m213rx9g-sops-3.9.2"
        },
        "aarch64-linux": {
          "outputs": [
            {
              "name": "out",
              "path": "/nix/store/08a1788kmsxvnvbaahzh5rwgw6x5jy9w-sops-3.9.2",
              "default": true
            }
          ],
          "store_path": "/nix/store/08a1788kmsxvnvbaahzh5rwgw6x5jy9w-sops-3.9.2"
        },
        "x86_64-darwin": {
          "outputs": [
            {
              "name": "out",
              "path": "/nix/store/6gwpg0mfapdmz9fz59n7kasr2g51d6gz-sops-3.9.2",
              "default": true
            }
          ],
          "store_path": "/nix/store/6gwpg0mfapdmz9fz59n7kasr2g51d6gz-sops-3.9.2"
        },
        "x86_64-linux": {
          "outputs": [
            {
              "name": "out",
              "path": "/nix/store/qilk4j4vwgpb3arl9c3rj8p2dbcq6vvf-sops-3.9.2",
              "default": true
            }
          ],
          "store_path": "/nix/store/qilk4j4vwgpb3arl9c3rj8p2dbcq6vvf-sops-3.9.2"
        }
      }
    },
    "terraform-docs@latest": {
      "last_modified": "2024-11-28T07:51:56Z",
      "resolved": "github:NixOS/nixpkgs/226216574ada4c3ecefcbbec41f39ce4655f78ef#terraform-docs",
      "source": "devbox-search",
      "version": "0.19.0",
      "systems": {
        "aarch64-darwin": {
          "outputs": [
            {
              "name": "out",
              "path": "/nix/store/9jxrh3ykia6mywnv0qcgbvxlikr5hpd4-terraform-docs-0.19.0",
              "default": true
            }
          ],
          "store_path": "/nix/store/9jxrh3ykia6mywnv0qcgbvxlikr5hpd4-terraform-docs-0.19.0"
        },
        "aarch64-linux": {
          "outputs": [
            {
              "name": "out",
              "path": "/nix/store/4vh1gz6b2q4qz9zjwyngk1cwpx9j1s55-terraform-docs-0.19.0",
              "default": true
            }
          ],
          "store_path": "/nix/store/4vh1gz6b2q4qz9zjwyngk1cwpx9j1s55-terraform-docs-0.19.0"
        },
        "x86_64-darwin": {
          "outputs": [
            {
              "name": "out",
              "path": "/nix/store/g29hfklhsf33hgda490k60i2mkfxvjvp-terraform-docs-0.19.0",
              "default": true
            }
          ],
          "store_path": "/nix/store/g29hfklhsf33hgda490k60i2mkfxvjvp-terraform-docs-0.19.0"
        },
        "x86_64-linux": {
          "outputs": [
            {
              "name": "out",
              "path": "/nix/store/am9l6va75gfm576nkz6hn2sp64c1g68n-terraform-docs-0.19.0",
              "default": true
            }
          ],
          "store_path": "/nix/store/am9l6va75gfm576nkz6hn2sp64c1g68n-terraform-docs-0.19.0"
        }
      }
    },
    "terraform@latest": {
      "last_modified": "2024-12-05T05:26:01Z",
      "resolved": "github:NixOS/nixpkgs/929116e316068c7318c54eb4d827f7d9756d5e9c#terraform",
      "source": "devbox-search",
      "version": "1.10.1",
      "systems": {
        "aarch64-darwin": {
          "outputs": [
            {
              "name": "out",
              "path": "/nix/store/1gki22vdpgas270y6fs84dl5x3jn7bk7-terraform-1.10.1",
              "default": true
            }
          ],
          "store_path": "/nix/store/1gki22vdpgas270y6fs84dl5x3jn7bk7-terraform-1.10.1"
        },
        "aarch64-linux": {
          "outputs": [
            {
              "name": "out",
              "path": "/nix/store/jh9y5iybg8gjw292aailcy25l9yj95f9-terraform-1.10.1",
              "default": true
            }
          ],
          "store_path": "/nix/store/jh9y5iybg8gjw292aailcy25l9yj95f9-terraform-1.10.1"
        },
        "x86_64-darwin": {
          "outputs": [
            {
              "name": "out",
              "path": "/nix/store/hk343al5p14ya5djrkf1bjggi5yg3jr0-terraform-1.10.1",
              "default": true
            }
          ],
          "store_path": "/nix/store/hk343al5p14ya5djrkf1bjggi5yg3jr0-terraform-1.10.1"
        },
        "x86_64-linux": {
          "outputs": [
            {
              "name": "out",
              "path": "/nix/store/x21avpm4l062w7dhk4ifcifb9bb09zrs-terraform-1.10.1",
              "default": true
            }
          ],
          "store_path": "/nix/store/x21avpm4l062w7dhk4ifcifb9bb09zrs-terraform-1.10.1"
        }
      }
    },
    "tflint@latest": {
      "last_modified": "2024-11-28T07:51:56Z",
      "resolved": "github:NixOS/nixpkgs/226216574ada4c3ecefcbbec41f39ce4655f78ef#tflint",
      "source": "devbox-search",
      "version": "0.54.0",
      "systems": {
        "aarch64-darwin": {
          "outputs": [
            {
              "name": "out",
              "path": "/nix/store/sabnazxmprkn41jlmjm3rs7nq7lgpx65-tflint-0.54.0",
              "default": true
            }
          ],
          "store_path": "/nix/store/sabnazxmprkn41jlmjm3rs7nq7lgpx65-tflint-0.54.0"
        },
        "aarch64-linux": {
          "outputs": [
            {
              "name": "out",
              "path": "/nix/store/r1ji0p28hi8saglv7xf0jddkxf7cr05n-tflint-0.54.0",
              "default": true
            }
          ],
          "store_path": "/nix/store/r1ji0p28hi8saglv7xf0jddkxf7cr05n-tflint-0.54.0"
        },
        "x86_64-darwin": {
          "outputs": [
            {
              "name": "out",
              "path": "/nix/store/5x6g32x9s5vmq392b2i6zivcxwl8zrk0-tflint-0.54.0",
              "default": true
            }
          ],
          "store_path": "/nix/store/5x6g32x9s5vmq392b2i6zivcxwl8zrk0-tflint-0.54.0"
        },
        "x86_64-linux": {
          "outputs": [
            {
              "name": "out",
              "path": "/nix/store/13zx2ylp69b5zmfkg1vpprr3pypyhd3f-tflint-0.54.0",
              "default": true
            }
          ],
          "store_path": "/nix/store/13zx2ylp69b5zmfkg1vpprr3pypyhd3f-tflint-0.54.0"
        }
      }
    },
    "trivy@latest": {
      "last_modified": "2024-12-08T11:15:23Z",
      "resolved": "github:NixOS/nixpkgs/93dc9803a1ee435e590b02cde9589038d5cc3a4e#trivy",
      "source": "devbox-search",
      "version": "0.58.0",
      "systems": {
        "aarch64-darwin": {
          "outputs": [
            {
              "name": "out",
              "path": "/nix/store/s2qcbkjqafmq0n81jcpmvczhkhcx47la-trivy-0.58.0",
              "default": true
            }
          ],
          "store_path": "/nix/store/s2qcbkjqafmq0n81jcpmvczhkhcx47la-trivy-0.58.0"
        },
        "aarch64-linux": {
          "outputs": [
            {
              "name": "out",
              "path": "/nix/store/6w98v86y1mfgxav9wydqsnpwygwvhiib-trivy-0.58.0",
              "default": true
            }
          ],
          "store_path": "/nix/store/6w98v86y1mfgxav9wydqsnpwygwvhiib-trivy-0.58.0"
        },
        "x86_64-darwin": {
          "outputs": [
            {
              "name": "out",
              "path": "/nix/store/p6h9gw6qsw0g9xmnzhj4mfdf16jfjnz4-trivy-0.58.0",
              "default": true
            }
          ],
          "store_path": "/nix/store/p6h9gw6qsw0g9xmnzhj4mfdf16jfjnz4-trivy-0.58.0"
        },
        "x86_64-linux": {
          "outputs": [
            {
              "name": "out",
              "path": "/nix/store/1yk8qv2bp70id52yp220gyy0bv1fp93r-trivy-0.58.0",
              "default": true
            }
          ],
          "store_path": "/nix/store/1yk8qv2bp70id52yp220gyy0bv1fp93r-trivy-0.58.0"
        }
      }
    },
    "typos@latest": {
      "last_modified": "2024-12-09T13:13:08Z",
      "resolved": "github:NixOS/nixpkgs/bc27f0fde01ce4e1bfec1ab122d72b7380278e68#typos",
      "source": "devbox-search",
      "version": "1.28.2",
      "systems": {
        "aarch64-darwin": {
          "outputs": [
            {
              "name": "out",
              "path": "/nix/store/6i47aknw7v8h1q7anc4b6ncghjdbl40k-typos-1.28.2",
              "default": true
            }
          ],
          "store_path": "/nix/store/6i47aknw7v8h1q7anc4b6ncghjdbl40k-typos-1.28.2"
        },
        "aarch64-linux": {
          "outputs": [
            {
              "name": "out",
              "path": "/nix/store/hmqvcz803dfax1spq8jwxpdqh8g1wh6m-typos-1.28.2",
              "default": true
            }
          ],
          "store_path": "/nix/store/hmqvcz803dfax1spq8jwxpdqh8g1wh6m-typos-1.28.2"
        },
        "x86_64-darwin": {
          "outputs": [
            {
              "name": "out",
              "path": "/nix/store/m2a36mqvxxbzipfp3c5xrn0haalpvsvq-typos-1.28.2",
              "default": true
            }
          ],
          "store_path": "/nix/store/m2a36mqvxxbzipfp3c5xrn0haalpvsvq-typos-1.28.2"
        },
        "x86_64-linux": {
          "outputs": [
            {
              "name": "out",
              "path": "/nix/store/wxa1gv4s8207lwyqz6nzgcpfb65xldcq-typos-1.28.2",
              "default": true
            }
          ],
          "store_path": "/nix/store/wxa1gv4s8207lwyqz6nzgcpfb65xldcq-typos-1.28.2"
        }
      }
    }
  }
}
