{
  "lockfile_version": "1",
  "packages": {
    "age@latest": {
      "last_modified": "2024-11-28T07:51:56Z",
      "resolved": "github:NixOS/nixpkgs/226216574ada4c3ecefcbbec41f39ce4655f78ef#age",
      "source": "devbox-search",
      "version": "1.2.0",
      "systems": {
        "aarch64-darwin": {
          "outputs": [
            {
              "name": "out",
              "path": "/nix/store/q69p0frymxagv5qkld2ld07kll29mll9-age-1.2.0",
              "default": true
            }
          ],
          "store_path": "/nix/store/q69p0frymxagv5qkld2ld07kll29mll9-age-1.2.0"
        },
        "aarch64-linux": {
          "outputs": [
            {
              "name": "out",
              "path": "/nix/store/nkfwwkx8wk6889gqlrn3nvzajb9nvipy-age-1.2.0",
              "default": true
            }
          ],
          "store_path": "/nix/store/nkfwwkx8wk6889gqlrn3nvzajb9nvipy-age-1.2.0"
        },
        "x86_64-darwin": {
          "outputs": [
            {
              "name": "out",
              "path": "/nix/store/5kpddiym1sgjah9phfcvrmk27g8snl76-age-1.2.0",
              "default": true
            }
          ],
          "store_path": "/nix/store/5kpddiym1sgjah9phfcvrmk27g8snl76-age-1.2.0"
        },
        "x86_64-linux": {
          "outputs": [
            {
              "name": "out",
              "path": "/nix/store/yn6yna1i7z5jygk51ifr0w8ifg3mjfmh-age-1.2.0",
              "default": true
            }
          ],
          "store_path": "/nix/store/yn6yna1i7z5jygk51ifr0w8ifg3mjfmh-age-1.2.0"
        }
      }
    },
    "chart-testing@latest": {
      "last_modified": "2024-12-08T11:15:23Z",
      "resolved": "github:NixOS/nixpkgs/93dc9803a1ee435e590b02cde9589038d5cc3a4e#chart-testing",
      "source": "devbox-search",
      "version": "3.11.0",
      "systems": {
        "aarch64-darwin": {
          "outputs": [
            {
              "name": "out",
              "path": "/nix/store/y9xpn6vprnby0m86agx70z6azzmfawmd-chart-testing-3.11.0",
              "default": true
            }
          ],
          "store_path": "/nix/store/y9xpn6vprnby0m86agx70z6azzmfawmd-chart-testing-3.11.0"
        },
        "aarch64-linux": {
          "outputs": [
            {
              "name": "out",
              "path": "/nix/store/6056bc5c9836wd554ka6n6rmvlnz55sg-chart-testing-3.11.0",
              "default": true
            }
          ],
          "store_path": "/nix/store/6056bc5c9836wd554ka6n6rmvlnz55sg-chart-testing-3.11.0"
        },
        "x86_64-darwin": {
          "outputs": [
            {
              "name": "out",
              "path": "/nix/store/8aj9amc36k5rs7fjwnbd13dq9kavf3rp-chart-testing-3.11.0",
              "default": true
            }
          ],
          "store_path": "/nix/store/8aj9amc36k5rs7fjwnbd13dq9kavf3rp-chart-testing-3.11.0"
        },
        "x86_64-linux": {
          "outputs": [
            {
              "name": "out",
              "path": "/nix/store/8467px0fajcywj9xim9i9gvq8p89s06i-chart-testing-3.11.0",
              "default": true
            }
          ],
          "store_path": "/nix/store/8467px0fajcywj9xim9i9gvq8p89s06i-chart-testing-3.11.0"
        }
      }
    },
    "helm@latest": {
      "last_modified": "2024-12-03T12:40:06Z",
      "resolved": "github:NixOS/nixpkgs/566e53c2ad750c84f6d31f9ccb9d00f823165550#helm",
      "source": "devbox-search",
      "version": "0.9.0",
      "systems": {
        "aarch64-linux": {
          "outputs": [
            {
              "name": "out",
              "path": "/nix/store/w1x0skz20kpvhahnbibvysqjsj1h6479-helm-0.9.0",
              "default": true
            }
          ],
          "store_path": "/nix/store/w1x0skz20kpvhahnbibvysqjsj1h6479-helm-0.9.0"
        },
        "x86_64-linux": {
          "outputs": [
            {
              "name": "out",
              "path": "/nix/store/77wvf50k4waf01lqkd93izrmx6pxjrsc-helm-0.9.0",
              "default": true
            }
          ],
          "store_path": "/nix/store/77wvf50k4waf01lqkd93izrmx6pxjrsc-helm-0.9.0"
        }
      }
    },
    "kubectl@latest": {
      "last_modified": "2024-11-28T07:51:56Z",
      "resolved": "github:NixOS/nixpkgs/226216574ada4c3ecefcbbec41f39ce4655f78ef#kubectl",
      "source": "devbox-search",
      "version": "1.31.2",
      "systems": {
        "aarch64-darwin": {
          "outputs": [
            {
              "name": "out",
              "path": "/nix/store/4y0isz580qj1gprqihb39jzvq1h3ys8d-kubectl-1.31.2",
              "default": true
            },
            {
              "name": "man",
              "path": "/nix/store/yn7jsawkgab95ly8wjzm7qk4axins9c0-kubectl-1.31.2-man",
              "default": true
            },
            {
              "name": "convert",
              "path": "/nix/store/mgfqyq94gz2rlfg7kfyxjhlxpd88rrx1-kubectl-1.31.2-convert"
            }
          ],
          "store_path": "/nix/store/4y0isz580qj1gprqihb39jzvq1h3ys8d-kubectl-1.31.2"
        },
        "aarch64-linux": {
          "outputs": [
            {
              "name": "out",
              "path": "/nix/store/hs22srzb0xw25047q72lzf8yvkyndayp-kubectl-1.31.2",
              "default": true
            },
            {
              "name": "man",
              "path": "/nix/store/m6pgvbcpw5yyiy5f2106ihkapk7kjv9l-kubectl-1.31.2-man",
              "default": true
            },
            {
              "name": "convert",
              "path": "/nix/store/mk43xaa0hzc5hsg115nfa89h8p05l70n-kubectl-1.31.2-convert"
            }
          ],
          "store_path": "/nix/store/hs22srzb0xw25047q72lzf8yvkyndayp-kubectl-1.31.2"
        },
        "x86_64-darwin": {
          "outputs": [
            {
              "name": "out",
              "path": "/nix/store/8dfd5d7i3q0jvqgzc2775kl8b5pbh7g9-kubectl-1.31.2",
              "default": true
            },
            {
              "name": "man",
              "path": "/nix/store/7rvlb9k6bs623m3f7k3ay52n9bx6id1h-kubectl-1.31.2-man",
              "default": true
            },
            {
              "name": "convert",
              "path": "/nix/store/d6yjj3akz8dddmjzp2hz2lyd1fwqaqq9-kubectl-1.31.2-convert"
            }
          ],
          "store_path": "/nix/store/8dfd5d7i3q0jvqgzc2775kl8b5pbh7g9-kubectl-1.31.2"
        },
        "x86_64-linux": {
          "outputs": [
            {
              "name": "out",
              "path": "/nix/store/wjr8vcdjb25ja1q3nvzwnzf5qg6iv8iy-kubectl-1.31.2",
              "default": true
            },
            {
              "name": "man",
              "path": "/nix/store/66mlhapc0wawjz2v05116nkp02lxinkx-kubectl-1.31.2-man",
              "default": true
            },
            {
              "name": "convert",
              "path": "/nix/store/44dsmqkr8c3lp4j417nshswcf0mpj9i5-kubectl-1.31.2-convert"
            }
          ],
          "store_path": "/nix/store/wjr8vcdjb25ja1q3nvzwnzf5qg6iv8iy-kubectl-1.31.2"
        }
      }
    },
    "sops@latest": {
      "last_modified": "2024-12-08T11:15:23Z",
      "resolved": "github:NixOS/nixpkgs/93dc9803a1ee435e590b02cde9589038d5cc3a4e#sops",
      "source": "devbox-search",
      "version": "3.9.2",
      "systems": {
        "aarch64-darwin": {
          "outputs": [
            {
              "name": "out",
              "path": "/nix/store/nhsznmg0knb0z5qyhdm7c4r0m213rx9g-sops-3.9.2",
              "default": true
            }
          ],
          "store_path": "/nix/store/nhsznmg0knb0z5qyhdm7c4r0m213rx9g-sops-3.9.2"
        },
        "aarch64-linux": {
          "outputs": [
            {
              "name": "out",
              "path": "/nix/store/08a1788kmsxvnvbaahzh5rwgw6x5jy9w-sops-3.9.2",
              "default": true
            }
          ],
          "store_path": "/nix/store/08a1788kmsxvnvbaahzh5rwgw6x5jy9w-sops-3.9.2"
        },
        "x86_64-darwin": {
          "outputs": [
            {
              "name": "out",
              "path": "/nix/store/6gwpg0mfapdmz9fz59n7kasr2g51d6gz-sops-3.9.2",
              "default": true
            }
          ],
          "store_path": "/nix/store/6gwpg0mfapdmz9fz59n7kasr2g51d6gz-sops-3.9.2"
        },
        "x86_64-linux": {
          "outputs": [
            {
              "name": "out",
              "path": "/nix/store/qilk4j4vwgpb3arl9c3rj8p2dbcq6vvf-sops-3.9.2",
              "default": true
            }
          ],
          "store_path": "/nix/store/qilk4j4vwgpb3arl9c3rj8p2dbcq6vvf-sops-3.9.2"
        }
      }
    },
    "terraform-docs@latest": {
      "last_modified": "2024-11-28T07:51:56Z",
      "resolved": "github:NixOS/nixpkgs/226216574ada4c3ecefcbbec41f39ce4655f78ef#terraform-docs",
      "source": "devbox-search",
      "version": "0.19.0",
      "systems": {
        "aarch64-darwin": {
          "outputs": [
            {
              "name": "out",
              "path": "/nix/store/9jxrh3ykia6mywnv0qcgbvxlikr5hpd4-terraform-docs-0.19.0",
              "default": true
            }
          ],
          "store_path": "/nix/store/9jxrh3ykia6mywnv0qcgbvxlikr5hpd4-terraform-docs-0.19.0"
        },
        "aarch64-linux": {
          "outputs": [
            {
              "name": "out",
              "path": "/nix/store/4vh1gz6b2q4qz9zjwyngk1cwpx9j1s55-terraform-docs-0.19.0",
              "default": true
            }
          ],
          "store_path": "/nix/store/4vh1gz6b2q4qz9zjwyngk1cwpx9j1s55-terraform-docs-0.19.0"
        },
        "x86_64-darwin": {
          "outputs": [
            {
              "name": "out",
              "path": "/nix/store/g29hfklhsf33hgda490k60i2mkfxvjvp-terraform-docs-0.19.0",
              "default": true
            }
          ],
          "store_path": "/nix/store/g29hfklhsf33hgda490k60i2mkfxvjvp-terraform-docs-0.19.0"
        },
        "x86_64-linux": {
          "outputs": [
            {
              "name": "out",
              "path": "/nix/store/am9l6va75gfm576nkz6hn2sp64c1g68n-terraform-docs-0.19.0",
              "default": true
            }
          ],
          "store_path": "/nix/store/am9l6va75gfm576nkz6hn2sp64c1g68n-terraform-docs-0.19.0"
        }
      }
    },
    "terraform@latest": {
      "last_modified": "2024-12-05T05:26:01Z",
      "resolved": "github:NixOS/nixpkgs/929116e316068c7318c54eb4d827f7d9756d5e9c#terraform",
      "source": "devbox-search",
      "version": "1.10.1",
      "systems": {
        "aarch64-darwin": {
          "outputs": [
            {
              "name": "out",
              "path": "/nix/store/1gki22vdpgas270y6fs84dl5x3jn7bk7-terraform-1.10.1",
              "default": true
            }
          ],
          "store_path": "/nix/store/1gki22vdpgas270y6fs84dl5x3jn7bk7-terraform-1.10.1"
        },
        "aarch64-linux": {
          "outputs": [
            {
              "name": "out",
              "path": "/nix/store/jh9y5iybg8gjw292aailcy25l9yj95f9-terraform-1.10.1",
              "default": true
            }
          ],
          "store_path": "/nix/store/jh9y5iybg8gjw292aailcy25l9yj95f9-terraform-1.10.1"
        },
        "x86_64-darwin": {
          "outputs": [
            {
              "name": "out",
              "path": "/nix/store/hk343al5p14ya5djrkf1bjggi5yg3jr0-terraform-1.10.1",
              "default": true
            }
          ],
          "store_path": "/nix/store/hk343al5p14ya5djrkf1bjggi5yg3jr0-terraform-1.10.1"
        },
        "x86_64-linux": {
          "outputs": [
            {
              "name": "out",
              "path": "/nix/store/x21avpm4l062w7dhk4ifcifb9bb09zrs-terraform-1.10.1",
              "default": true
            }
          ],
          "store_path": "/nix/store/x21avpm4l062w7dhk4ifcifb9bb09zrs-terraform-1.10.1"
        }
      }
    }
  }
}
